
Microsoft Visual Studio Solution File, Format Version 12.00
# Visual Studio Version 16
VisualStudioVersion = 16.0.30114.105
MinimumVisualStudioVersion = 10.0.40219.1
Project("{2150E333-8FDC-42A3-9474-1A3956D46DE8}") = "src", "src", "{ACB810F4-224D-4E0A-BB44-A39A573BFBDE}"
EndProject
Project("{FAE04EC0-301F-11D3-BF4B-00C04F79EFBC}") = "Business", "src\Business\Business.csproj", "{17F92C40-4940-49AD-AC03-A27C06B2307F}"
EndProject
Project("{FAE04EC0-301F-11D3-BF4B-00C04F79EFBC}") = "Data", "src\Data\Data.csproj", "{D203A81A-7D87-442A-A3D1-6637B0105F45}"
EndProject
Project("{FAE04EC0-301F-11D3-BF4B-00C04F79EFBC}") = "Api", "src\Api\Api.csproj", "{C9FEACC3-C9A8-4EB8-8566-0D635CCD4920}"
EndProject
Global
	GlobalSection(SolutionConfigurationPlatforms) = preSolution
		Debug|Any CPU = Debug|Any CPU
		Release|Any CPU = Release|Any CPU
	EndGlobalSection
	GlobalSection(SolutionProperties) = preSolution
		HideSolutionNode = FALSE
	EndGlobalSection
	GlobalSection(ProjectConfigurationPlatforms) = postSolution
		{17F92C40-4940-49AD-AC03-A27C06B2307F}.Debug|Any CPU.ActiveCfg = Debug|Any CPU
		{17F92C40-4940-49AD-AC03-A27C06B2307F}.Debug|Any CPU.Build.0 = Debug|Any CPU
		{17F92C40-4940-49AD-AC03-A27C06B2307F}.Release|Any CPU.ActiveCfg = Release|Any CPU
		{17F92C40-4940-49AD-AC03-A27C06B2307F}.Release|Any CPU.Build.0 = Release|Any CPU
		{D203A81A-7D87-442A-A3D1-6637B0105F45}.Debug|Any CPU.ActiveCfg = Debug|Any CPU
		{D203A81A-7D87-442A-A3D1-6637B0105F45}.Debug|Any CPU.Build.0 = Debug|Any CPU
		{D203A81A-7D87-442A-A3D1-6637B0105F45}.Release|Any CPU.ActiveCfg = Release|Any CPU
		{D203A81A-7D87-442A-A3D1-6637B0105F45}.Release|Any CPU.Build.0 = Release|Any CPU
		{C9FEACC3-C9A8-4EB8-8566-0D635CCD4920}.Debug|Any CPU.ActiveCfg = Debug|Any CPU
		{C9FEACC3-C9A8-4EB8-8566-0D635CCD4920}.Debug|Any CPU.Build.0 = Debug|Any CPU
		{C9FEACC3-C9A8-4EB8-8566-0D635CCD4920}.Release|Any CPU.ActiveCfg = Release|Any CPU
		{C9FEACC3-C9A8-4EB8-8566-0D635CCD4920}.Release|Any CPU.Build.0 = Release|Any CPU
	EndGlobalSection
	GlobalSection(NestedProjects) = preSolution
		{17F92C40-4940-49AD-AC03-A27C06B2307F} = {ACB810F4-224D-4E0A-BB44-A39A573BFBDE}
		{D203A81A-7D87-442A-A3D1-6637B0105F45} = {ACB810F4-224D-4E0A-BB44-A39A573BFBDE}
		{C9FEACC3-C9A8-4EB8-8566-0D635CCD4920} = {ACB810F4-224D-4E0A-BB44-A39A573BFBDE}
	EndGlobalSection
EndGlobal
